
Microsoft Visual Studio Solution File, Format Version 11.00
# Visual Studio 2010
Project("{FAE04EC0-301F-11D3-BF4B-00C04F79EFBC}") = "PlizzityPlatformer", "Assembly-CSharp.csproj", "{3BA99285-153C-4193-B6C6-53E9DA2EF332}"
EndProject
Global
	GlobalSection(SolutionConfigurationPlatforms) = preSolution
		Debug|Any CPU = Debug|Any CPU
		Release|Any CPU = Release|Any CPU
	EndGlobalSection
	GlobalSection(ProjectConfigurationPlatforms) = postSolution
		{3BA99285-153C-4193-B6C6-53E9DA2EF332}.Debug|Any CPU.ActiveCfg = Debug|Any CPU
		{3BA99285-153C-4193-B6C6-53E9DA2EF332}.Debug|Any CPU.Build.0 = Debug|Any CPU
		{3BA99285-153C-4193-B6C6-53E9DA2EF332}.Release|Any CPU.ActiveCfg = Release|Any CPU
		{3BA99285-153C-4193-B6C6-53E9DA2EF332}.Release|Any CPU.Build.0 = Release|Any CPU
	EndGlobalSection
	GlobalSection(SolutionProperties) = preSolution
		HideSolutionNode = FALSE
	EndGlobalSection
	GlobalSection(MonoDevelopProperties) = preSolution
		StartupItem = Assembly-CSharp.csproj
	EndGlobalSection
EndGlobal
